
Microsoft Visual Studio Solution File, Format Version 12.00
# Visual Studio Version 17
VisualStudioVersion = 17.1.32328.378
MinimumVisualStudioVersion = 10.0.40219.1
Project("{9A19103F-16F7-4668-BE54-9A1E7A4F7556}") = "Stat", "Stat\Stat.csproj", "{33F99D8A-5FD2-47FF-B81F-1DE38ED44E5E}"
EndProject
Project("{9A19103F-16F7-4668-BE54-9A1E7A4F7556}") = "Models", "Models\Models.csproj", "{FC42CF43-E91E-49C2-930B-AA7116327239}"
EndProject
Project("{FAE04EC0-301F-11D3-BF4B-00C04F79EFBC}") = "Services", "Services\Services.csproj", "{6006EA7C-E063-42A7-AF8C-9097E8642C46}"
EndProject
Global
	GlobalSection(SolutionConfigurationPlatforms) = preSolution
		Debug|Any CPU = Debug|Any CPU
		Release|Any CPU = Release|Any CPU
	EndGlobalSection
	GlobalSection(ProjectConfigurationPlatforms) = postSolution
		{33F99D8A-5FD2-47FF-B81F-1DE38ED44E5E}.Debug|Any CPU.ActiveCfg = Debug|Any CPU
		{33F99D8A-5FD2-47FF-B81F-1DE38ED44E5E}.Debug|Any CPU.Build.0 = Debug|Any CPU
		{33F99D8A-5FD2-47FF-B81F-1DE38ED44E5E}.Release|Any CPU.ActiveCfg = Release|Any CPU
		{33F99D8A-5FD2-47FF-B81F-1DE38ED44E5E}.Release|Any CPU.Build.0 = Release|Any CPU
		{FC42CF43-E91E-49C2-930B-AA7116327239}.Debug|Any CPU.ActiveCfg = Debug|Any CPU
		{FC42CF43-E91E-49C2-930B-AA7116327239}.Debug|Any CPU.Build.0 = Debug|Any CPU
		{FC42CF43-E91E-49C2-930B-AA7116327239}.Release|Any CPU.ActiveCfg = Release|Any CPU
		{FC42CF43-E91E-49C2-930B-AA7116327239}.Release|Any CPU.Build.0 = Release|Any CPU
		{6006EA7C-E063-42A7-AF8C-9097E8642C46}.Debug|Any CPU.ActiveCfg = Debug|Any CPU
		{6006EA7C-E063-42A7-AF8C-9097E8642C46}.Debug|Any CPU.Build.0 = Debug|Any CPU
		{6006EA7C-E063-42A7-AF8C-9097E8642C46}.Release|Any CPU.ActiveCfg = Release|Any CPU
		{6006EA7C-E063-42A7-AF8C-9097E8642C46}.Release|Any CPU.Build.0 = Release|Any CPU
	EndGlobalSection
	GlobalSection(SolutionProperties) = preSolution
		HideSolutionNode = FALSE
	EndGlobalSection
	GlobalSection(ExtensibilityGlobals) = postSolution
		SolutionGuid = {15CCAC2E-775F-44E1-9A61-B3B57F8C1923}
	EndGlobalSection
EndGlobal
